{
  "version": "5",
  "workspace": {
    "members": {
      "example": {
        "dependencies": [
          "jsr:@kuusi/kuusi@^1.0.1"
        ]
      },
      "src": {
        "dependencies": [
          "jsr:@std/dotenv@~0.225.6",
          "jsr:@std/fs@^1.0.23",
          "jsr:@std/path@^1.1.4"
        ]
      },
      "tests": {
        "dependencies": [
          "jsr:@std/assert@^1.0.19"
        ]
      }
    }
  }
}
